
Microsoft Visual Studio Solution File, Format Version 12.00
# Visual Studio Version 16
VisualStudioVersion = 16.0.29418.71
MinimumVisualStudioVersion = 10.0.40219.1
Project("{FAE04EC0-301F-11D3-BF4B-00C04F79EFBC}") = "SimpleGrpcService", "SimpleGrpcService\SimpleGrpcService.csproj", "{F6B644E4-5A1B-41E0-B31F-A4F9B7B58EEF}"
EndProject
Project("{FAE04EC0-301F-11D3-BF4B-00C04F79EFBC}") = "SimpleGrpcService.Client", "SimpleGrpcService.Client\SimpleGrpcService.Client.csproj", "{29527CA5-E65F-4FBA-AED9-4710EC22F4A8}"
EndProject
Global
	GlobalSection(SolutionConfigurationPlatforms) = preSolution
		Debug|Any CPU = Debug|Any CPU
		Release|Any CPU = Release|Any CPU
	EndGlobalSection
	GlobalSection(ProjectConfigurationPlatforms) = postSolution
		{F6B644E4-5A1B-41E0-B31F-A4F9B7B58EEF}.Debug|Any CPU.ActiveCfg = Debug|Any CPU
		{F6B644E4-5A1B-41E0-B31F-A4F9B7B58EEF}.Debug|Any CPU.Build.0 = Debug|Any CPU
		{F6B644E4-5A1B-41E0-B31F-A4F9B7B58EEF}.Release|Any CPU.ActiveCfg = Release|Any CPU
		{F6B644E4-5A1B-41E0-B31F-A4F9B7B58EEF}.Release|Any CPU.Build.0 = Release|Any CPU
		{29527CA5-E65F-4FBA-AED9-4710EC22F4A8}.Debug|Any CPU.ActiveCfg = Debug|Any CPU
		{29527CA5-E65F-4FBA-AED9-4710EC22F4A8}.Debug|Any CPU.Build.0 = Debug|Any CPU
		{29527CA5-E65F-4FBA-AED9-4710EC22F4A8}.Release|Any CPU.ActiveCfg = Release|Any CPU
		{29527CA5-E65F-4FBA-AED9-4710EC22F4A8}.Release|Any CPU.Build.0 = Release|Any CPU
	EndGlobalSection
	GlobalSection(SolutionProperties) = preSolution
		HideSolutionNode = FALSE
	EndGlobalSection
	GlobalSection(ExtensibilityGlobals) = postSolution
		SolutionGuid = {5CDCDA5F-6C24-4A21-993B-634C18FDD492}
	EndGlobalSection
EndGlobal
